# This file is automatically @generated by Cargo.
# It is not intended for manual editing.
[[package]]
name = "abc018c"
version = "0.1.0"
dependencies = [
 "cli_test_dir",
 "itertools",
 "proconio",
]

[[package]]
name = "abc165c"
version = "0.1.0"
dependencies = [
 "cli_test_dir",
 "itertools",
 "proconio",
]

[[package]]
name = "abc172c"
version = "0.1.0"
dependencies = [
 "cli_test_dir",
 "itertools",
 "proconio",
]

[[package]]
name = "abc173c"
version = "0.1.0"
dependencies = [
 "cli_test_dir",
 "itertools",
 "proconio",
]

[[package]]
name = "abc174c"
version = "0.1.0"
dependencies = [
 "cli_test_dir",
 "itertools",
 "proconio",
]

[[package]]
name = "abc178c"
version = "0.1.0"
dependencies = [
 "cli_test_dir",
 "proconio",
]

[[package]]
name = "abc194c"
version = "0.1.0"
dependencies = [
 "cli_test_dir",
 "proconio",
]

[[package]]
name = "abc195c"
version = "0.1.0"
dependencies = [
 "cli_test_dir",
 "proconio",
]

[[package]]
name = "abc196c"
version = "0.1.0"
dependencies = [
 "cli_test_dir",
 "proconio",
]

[[package]]
name = "abc197c"
version = "0.1.0"
dependencies = [
 "cli_test_dir",
 "itertools",
 "proconio",
]

[[package]]
name = "abc198c"
version = "0.1.0"
dependencies = [
 "cli_test_dir",
 "proconio",
]

[[package]]
name = "abc199c"
version = "0.1.0"
dependencies = [
 "cli_test_dir",
 "proconio",
]

[[package]]
name = "abc200c"
version = "0.1.0"
dependencies = [
 "cli_test_dir",
 "proconio",
]

[[package]]
name = "abc201c"
version = "0.1.0"
dependencies = [
 "cli_test_dir",
 "proconio",
]

[[package]]
name = "abc202c"
version = "0.1.0"
dependencies = [
 "cli_test_dir",
 "proconio",
]

[[package]]
name = "abc203c"
version = "0.1.0"
dependencies = [
 "cli_test_dir",
 "proconio",
]

[[package]]
name = "abc204c"
version = "0.1.0"
dependencies = [
 "cli_test_dir",
 "proconio",
]

[[package]]
name = "abc205c"
version = "0.1.0"
dependencies = [
 "cli_test_dir",
 "proconio",
]

[[package]]
name = "abc206c"
version = "0.1.0"
dependencies = [
 "cli_test_dir",
 "proconio",
]

[[package]]
name = "abc207c"
version = "0.1.0"
dependencies = [
 "cli_test_dir",
 "proconio",
]

[[package]]
name = "abc208c"
version = "0.1.0"
dependencies = [
 "cli_test_dir",
 "proconio",
]

[[package]]
name = "abc209c"
version = "0.1.0"
dependencies = [
 "cli_test_dir",
 "proconio",
]

[[package]]
name = "abc210c"
version = "0.1.0"
dependencies = [
 "cli_test_dir",
 "proconio",
]

[[package]]
name = "abc211c"
version = "0.1.0"
dependencies = [
 "cli_test_dir",
 "proconio",
]

[[package]]
name = "abc212c"
version = "0.1.0"
dependencies = [
 "cli_test_dir",
 "proconio",
]

[[package]]
name = "abc213c"
version = "0.1.0"
dependencies = [
 "cli_test_dir",
 "proconio",
]

[[package]]
name = "abc214c"
version = "0.1.0"
dependencies = [
 "cli_test_dir",
 "proconio",
]

[[package]]
name = "abc215c"
version = "0.1.0"
dependencies = [
 "cli_test_dir",
 "proconio",
]

[[package]]
name = "abc216b"
version = "0.1.0"
dependencies = [
 "cli_test_dir",
 "proconio",
]

[[package]]
name = "abc216c"
version = "0.1.0"
dependencies = [
 "cli_test_dir",
 "proconio",
]

[[package]]
name = "abc217b"
version = "0.1.0"
dependencies = [
 "cli_test_dir",
 "proconio",
]

[[package]]
name = "abc217c"
version = "0.1.0"
dependencies = [
 "cli_test_dir",
 "proconio",
]

[[package]]
name = "abc218b"
version = "0.1.0"
dependencies = [
 "cli_test_dir",
 "proconio",
]

[[package]]
name = "abc218c"
version = "0.1.0"
dependencies = [
 "cli_test_dir",
 "itertools",
 "proconio",
]

[[package]]
name = "abc219b"
version = "0.1.0"
dependencies = [
 "cli_test_dir",
 "proconio",
]

[[package]]
name = "abc219c"
version = "0.1.0"
dependencies = [
 "cli_test_dir",
 "proconio",
]

[[package]]
name = "abc220b"
version = "0.1.0"
dependencies = [
 "cli_test_dir",
 "proconio",
]

[[package]]
name = "abc220c"
version = "0.1.0"
dependencies = [
 "cli_test_dir",
 "proconio",
]

[[package]]
name = "abc221b"
version = "0.1.0"
dependencies = [
 "cli_test_dir",
 "proconio",
]

[[package]]
name = "abc221c"
version = "0.1.0"
dependencies = [
 "cli_test_dir",
 "proconio",
]

[[package]]
name = "abc222c"
version = "0.1.0"
dependencies = [
 "cli_test_dir",
 "proconio",
]

[[package]]
name = "abc223b"
version = "0.1.0"
dependencies = [
 "cli_test_dir",
 "proconio",
]

[[package]]
name = "abc223c"
version = "0.1.0"
dependencies = [
 "cli_test_dir",
 "proconio",
]

[[package]]
name = "abc224a"
version = "0.1.0"
dependencies = [
 "cli_test_dir",
 "proconio",
]

[[package]]
name = "abc224b"
version = "0.1.0"
dependencies = [
 "cli_test_dir",
 "proconio",
]

[[package]]
name = "abc224c"
version = "0.1.0"
dependencies = [
 "cli_test_dir",
 "proconio",
]

[[package]]
name = "abc225a"
version = "0.1.0"
dependencies = [
 "cli_test_dir",
 "proconio",
]

[[package]]
name = "abc225b"
version = "0.1.0"
dependencies = [
 "cli_test_dir",
 "proconio",
]

[[package]]
name = "abc225c"
version = "0.1.0"
dependencies = [
 "cli_test_dir",
 "proconio",
]

[[package]]
name = "abc226a"
version = "0.1.0"
dependencies = [
 "cli_test_dir",
 "proconio",
]

[[package]]
name = "abc226b"
version = "0.1.0"
dependencies = [
 "cli_test_dir",
 "proconio",
]

[[package]]
name = "abc226c"
version = "0.1.0"
dependencies = [
 "cli_test_dir",
 "proconio",
]

[[package]]
name = "abc227a"
version = "0.1.0"
dependencies = [
 "cli_test_dir",
 "proconio",
]

[[package]]
name = "abc227b"
version = "0.1.0"
dependencies = [
 "cli_test_dir",
 "proconio",
]

[[package]]
name = "abc227c"
version = "0.1.0"
dependencies = [
 "cli_test_dir",
 "proconio",
]

[[package]]
name = "abc227d"
version = "0.1.0"
dependencies = [
 "cli_test_dir",
 "proconio",
]

[[package]]
name = "abc228a"
version = "0.1.0"
dependencies = [
 "cli_test_dir",
 "proconio",
]

[[package]]
name = "abc228b"
version = "0.1.0"
dependencies = [
 "cli_test_dir",
 "proconio",
]

[[package]]
name = "abc228c"
version = "0.1.0"
dependencies = [
 "cli_test_dir",
 "proconio",
]

[[package]]
name = "abc228d"
version = "0.1.0"
dependencies = [
 "cli_test_dir",
 "itertools",
 "num",
 "proconio",
]

[[package]]
name = "abc229a"
version = "0.1.0"
dependencies = [
 "cli_test_dir",
 "proconio",
]

[[package]]
name = "abc229b"
version = "0.1.0"
dependencies = [
 "cli_test_dir",
 "proconio",
]

[[package]]
name = "abc229c"
version = "0.1.0"
dependencies = [
 "cli_test_dir",
 "proconio",
]

[[package]]
name = "abc229d"
version = "0.1.0"
dependencies = [
 "cli_test_dir",
 "proconio",
]

[[package]]
name = "abc230a"
version = "0.1.0"
dependencies = [
 "cli_test_dir",
 "proconio",
]

[[package]]
name = "abc230b"
version = "0.1.0"
dependencies = [
 "cli_test_dir",
 "proconio",
]

[[package]]
name = "abc230c"
version = "0.1.0"
dependencies = [
 "cli_test_dir",
 "proconio",
]

[[package]]
name = "abc230d"
version = "0.1.0"
dependencies = [
 "cli_test_dir",
 "itertools",
 "proconio",
]

[[package]]
name = "abc231a"
version = "0.1.0"
dependencies = [
 "cli_test_dir",
 "proconio",
]

[[package]]
name = "abc231b"
version = "0.1.0"
dependencies = [
 "cli_test_dir",
 "proconio",
]

[[package]]
name = "abc231c"
version = "0.1.0"
dependencies = [
 "cli_test_dir",
 "proconio",
]

[[package]]
name = "abc231d"
version = "0.1.0"
dependencies = [
 "cli_test_dir",
 "proconio",
]

[[package]]
name = "abc232a"
version = "0.1.0"
dependencies = [
 "cli_test_dir",
 "proconio",
]

[[package]]
name = "abc232b"
version = "0.1.0"
dependencies = [
 "cli_test_dir",
 "proconio",
]

[[package]]
name = "abc232c"
version = "0.1.0"
dependencies = [
 "cli_test_dir",
 "proconio",
]

[[package]]
name = "abc232d"
version = "0.1.0"
dependencies = [
 "cli_test_dir",
 "proconio",
]

[[package]]
name = "abc233a"
version = "0.1.0"
dependencies = [
 "cli_test_dir",
 "proconio",
]

[[package]]
name = "abc233b"
version = "0.1.0"
dependencies = [
 "cli_test_dir",
 "proconio",
]

[[package]]
name = "abc233c"
version = "0.1.0"
dependencies = [
 "cli_test_dir",
 "proconio",
]

[[package]]
name = "abc233d"
version = "0.1.0"
dependencies = [
 "cli_test_dir",
 "proconio",
]

[[package]]
name = "abc234a"
version = "0.1.0"
dependencies = [
 "cli_test_dir",
 "proconio",
]

[[package]]
name = "abc234b"
version = "0.1.0"
dependencies = [
 "cli_test_dir",
 "proconio",
]

[[package]]
name = "abc234c"
version = "0.1.0"
dependencies = [
 "cli_test_dir",
 "proconio",
]

[[package]]
name = "abc234d"
version = "0.1.0"
dependencies = [
 "cli_test_dir",
 "proconio",
]

[[package]]
name = "abc235a"
version = "0.1.0"
dependencies = [
 "cli_test_dir",
 "proconio",
]

[[package]]
name = "abc235b"
version = "0.1.0"
dependencies = [
 "cli_test_dir",
 "proconio",
]

[[package]]
name = "abc235c"
version = "0.1.0"
dependencies = [
 "cli_test_dir",
 "proconio",
]

[[package]]
name = "abc235d"
version = "0.1.0"
dependencies = [
 "cli_test_dir",
 "itertools",
 "proconio",
]

[[package]]
name = "abc236a"
version = "0.1.0"
dependencies = [
 "cli_test_dir",
 "proconio",
]

[[package]]
name = "abc236b"
version = "0.1.0"
dependencies = [
 "cli_test_dir",
 "proconio",
]

[[package]]
name = "abc236c"
version = "0.1.0"
dependencies = [
 "cli_test_dir",
 "proconio",
]

[[package]]
name = "abc236d"
version = "0.1.0"
dependencies = [
 "cli_test_dir",
 "itertools",
 "proconio",
]

[[package]]
name = "abc237a"
version = "0.1.0"
dependencies = [
 "cli_test_dir",
 "proconio",
]

[[package]]
name = "abc237b"
version = "0.1.0"
dependencies = [
 "cli_test_dir",
 "proconio",
]

[[package]]
name = "abc237c"
version = "0.1.0"
dependencies = [
 "cli_test_dir",
 "proconio",
]

[[package]]
name = "abc237d"
version = "0.1.0"
dependencies = [
 "cli_test_dir",
 "itertools",
 "num",
 "proconio",
]

[[package]]
name = "abc238a"
version = "0.1.0"
dependencies = [
 "cli_test_dir",
 "proconio",
]

[[package]]
name = "abc238b"
version = "0.1.0"
dependencies = [
 "cli_test_dir",
 "proconio",
]

[[package]]
name = "abc238c"
version = "0.1.0"
dependencies = [
 "cli_test_dir",
 "proconio",
]

[[package]]
name = "abc238d"
version = "0.1.0"
dependencies = [
 "cli_test_dir",
 "itertools",
 "num",
 "proconio",
]

[[package]]
name = "abc239a"
version = "0.1.0"
dependencies = [
 "cli_test_dir",
 "proconio",
]

[[package]]
name = "abc239b"
version = "0.1.0"
dependencies = [
 "cli_test_dir",
 "proconio",
]

[[package]]
name = "abc239c"
version = "0.1.0"
dependencies = [
 "cli_test_dir",
 "proconio",
]

[[package]]
name = "abc239d"
version = "0.1.0"
dependencies = [
 "cli_test_dir",
 "proconio",
]

[[package]]
name = "abc240a"
version = "0.1.0"
dependencies = [
 "cli_test_dir",
 "proconio",
]

[[package]]
name = "abc240b"
version = "0.1.0"
dependencies = [
 "cli_test_dir",
 "proconio",
]

[[package]]
name = "abc240c"
version = "0.1.0"
dependencies = [
 "cli_test_dir",
 "proconio",
]

[[package]]
name = "abc240d"
version = "0.1.0"
dependencies = [
 "cli_test_dir",
 "proconio",
]

[[package]]
name = "abc241a"
version = "0.1.0"
dependencies = [
 "cli_test_dir",
 "proconio",
]

[[package]]
name = "abc241b"
version = "0.1.0"
dependencies = [
 "cli_test_dir",
 "proconio",
]

[[package]]
name = "abc241c"
version = "0.1.0"
dependencies = [
 "cli_test_dir",
 "proconio",
]

[[package]]
name = "abc241d"
version = "0.1.0"
dependencies = [
 "cli_test_dir",
 "itertools",
 "num",
 "proconio",
]

[[package]]
name = "abc242a"
version = "0.1.0"
dependencies = [
 "cli_test_dir",
 "proconio",
]

[[package]]
name = "abc242b"
version = "0.1.0"
dependencies = [
 "cli_test_dir",
 "proconio",
]

[[package]]
name = "abc242c"
version = "0.1.0"
dependencies = [
 "cli_test_dir",
 "proconio",
]

[[package]]
name = "abc242d"
version = "0.1.0"
dependencies = [
 "cli_test_dir",
 "itertools",
 "num",
 "proconio",
]

[[package]]
name = "abc243a"
version = "0.1.0"
dependencies = [
 "cli_test_dir",
 "proconio",
]

[[package]]
name = "abc243b"
version = "0.1.0"
dependencies = [
 "cli_test_dir",
 "proconio",
]

[[package]]
name = "abc243c"
version = "0.1.0"
dependencies = [
 "cli_test_dir",
 "proconio",
]

[[package]]
name = "abc243d"
version = "0.1.0"
dependencies = [
 "cli_test_dir",
 "itertools",
 "num",
 "proconio",
]

[[package]]
name = "abc244a"
version = "0.1.0"
dependencies = [
 "cli_test_dir",
 "proconio",
]

[[package]]
name = "abc244b"
version = "0.1.0"
dependencies = [
 "cli_test_dir",
 "proconio",
]

[[package]]
name = "abc244c"
version = "0.1.0"
dependencies = [
 "cli_test_dir",
 "proconio",
]

[[package]]
name = "abc244d"
version = "0.1.0"
dependencies = [
 "cli_test_dir",
 "proconio",
]

[[package]]
name = "abc245a"
version = "0.1.0"
dependencies = [
 "cli_test_dir",
 "proconio",
]

[[package]]
name = "abc245b"
version = "0.1.0"
dependencies = [
 "cli_test_dir",
 "proconio",
]

[[package]]
name = "abc245c"
version = "0.1.0"
dependencies = [
 "cli_test_dir",
 "proconio",
]

[[package]]
name = "abc245d"
version = "0.1.0"
dependencies = [
 "cli_test_dir",
 "itertools",
 "num",
 "proconio",
]

[[package]]
name = "abc246a"
version = "0.1.0"
dependencies = [
 "cli_test_dir",
 "proconio",
]

[[package]]
name = "abc246b"
version = "0.1.0"
dependencies = [
 "cli_test_dir",
 "proconio",
]

[[package]]
name = "abc246c"
version = "0.1.0"
dependencies = [
 "cli_test_dir",
 "proconio",
]

[[package]]
name = "abc246d"
version = "0.1.0"
dependencies = [
 "cli_test_dir",
 "itertools",
 "num",
 "proconio",
]

[[package]]
name = "abc247a"
version = "0.1.0"
dependencies = [
 "cli_test_dir",
 "proconio",
]

[[package]]
name = "abc247b"
version = "0.1.0"
dependencies = [
 "cli_test_dir",
 "proconio",
]

[[package]]
name = "abc247c"
version = "0.1.0"
dependencies = [
 "cli_test_dir",
 "proconio",
]

[[package]]
name = "abc247d"
version = "0.1.0"
dependencies = [
 "cli_test_dir",
 "proconio",
 "text_io",
]

[[package]]
name = "abc248a"
version = "0.1.0"
dependencies = [
 "cli_test_dir",
 "proconio",
]

[[package]]
name = "abc248b"
version = "0.1.0"
dependencies = [
 "cli_test_dir",
 "proconio",
]

[[package]]
name = "abc248c"
version = "0.1.0"
dependencies = [
 "cli_test_dir",
 "proconio",
]

[[package]]
name = "abc248d"
version = "0.1.0"
dependencies = [
 "cli_test_dir",
 "proconio",
]

[[package]]
name = "abc249a"
version = "0.1.0"
dependencies = [
 "cli_test_dir",
 "proconio",
]

[[package]]
name = "abc249b"
version = "0.1.0"
dependencies = [
 "cli_test_dir",
 "proconio",
]

[[package]]
name = "abc249c"
version = "0.1.0"
dependencies = [
 "cli_test_dir",
 "proconio",
]

[[package]]
name = "abc249d"
version = "0.1.0"
dependencies = [
 "cli_test_dir",
 "itertools",
 "num",
 "proconio",
]

[[package]]
name = "abc250a"
version = "0.1.0"
dependencies = [
 "cli_test_dir",
 "proconio",
]

[[package]]
name = "abc250b"
version = "0.1.0"
dependencies = [
 "cli_test_dir",
 "proconio",
]

[[package]]
name = "abc250c"
version = "0.1.0"
dependencies = [
 "cli_test_dir",
 "proconio",
]

[[package]]
name = "abc250d"
version = "0.1.0"
dependencies = [
 "cli_test_dir",
 "proconio",
]

[[package]]
name = "abc251a"
version = "0.1.0"
dependencies = [
 "cli_test_dir",
 "proconio",
]

[[package]]
name = "abc251b"
version = "0.1.0"
dependencies = [
 "cli_test_dir",
 "proconio",
]

[[package]]
name = "abc251c"
version = "0.1.0"
dependencies = [
 "cli_test_dir",
 "proconio",
]

[[package]]
name = "abc251d"
version = "0.1.0"
dependencies = [
 "cli_test_dir",
 "itertools",
 "num",
 "proconio",
]

[[package]]
name = "abc252a"
version = "0.1.0"
dependencies = [
 "cli_test_dir",
 "proconio",
]

[[package]]
name = "abc252b"
version = "0.1.0"
dependencies = [
 "cli_test_dir",
 "proconio",
]

[[package]]
name = "abc252c"
version = "0.1.0"
dependencies = [
 "cli_test_dir",
 "proconio",
]

[[package]]
name = "abc252d"
version = "0.1.0"
dependencies = [
 "cli_test_dir",
 "itertools",
 "num",
 "proconio",
]

[[package]]
name = "abc253a"
version = "0.1.0"
dependencies = [
 "cli_test_dir",
 "proconio",
]

[[package]]
name = "abc253b"
version = "0.1.0"
dependencies = [
 "cli_test_dir",
 "proconio",
]

[[package]]
name = "abc253c"
version = "0.1.0"
dependencies = [
 "cli_test_dir",
 "proconio",
]

[[package]]
name = "abc253d"
version = "0.1.0"
dependencies = [
 "cli_test_dir",
 "itertools",
 "num",
 "proconio",
]

[[package]]
name = "abc254a"
version = "0.1.0"
dependencies = [
 "cli_test_dir",
 "itertools",
 "proconio",
]

[[package]]
name = "abc254b"
version = "0.1.0"
dependencies = [
 "cli_test_dir",
 "itertools",
 "proconio",
]

[[package]]
name = "abc254c"
version = "0.1.0"
dependencies = [
 "cli_test_dir",
 "itertools",
 "proconio",
]

[[package]]
name = "abc254d"
version = "0.1.0"
dependencies = [
 "cli_test_dir",
 "itertools",
 "proconio",
]

[[package]]
name = "abc255a"
version = "0.1.0"
dependencies = [
 "cli_test_dir",
 "itertools",
 "num",
 "proconio",
]

[[package]]
name = "abc255b"
version = "0.1.0"
dependencies = [
 "cli_test_dir",
 "proconio",
]

[[package]]
name = "abc255c"
version = "0.1.0"
dependencies = [
 "cli_test_dir",
 "proconio",
]

[[package]]
name = "abc255d"
version = "0.1.0"
dependencies = [
 "cli_test_dir",
 "proconio",
]

[[package]]
name = "abc256a"
version = "0.1.0"
dependencies = [
 "cli_test_dir",
 "proconio",
]

[[package]]
name = "abc256b"
version = "0.1.0"
dependencies = [
 "cli_test_dir",
 "proconio",
]

[[package]]
name = "abc256c"
version = "0.1.0"
dependencies = [
 "cli_test_dir",
 "proconio",
]

[[package]]
name = "abc256d"
version = "0.1.0"
dependencies = [
 "cli_test_dir",
 "proconio",
]

[[package]]
name = "abc257a"
version = "0.1.0"
dependencies = [
 "cli_test_dir",
 "proconio",
]

[[package]]
name = "abc257b"
version = "0.1.0"
dependencies = [
 "cli_test_dir",
 "proconio",
]

[[package]]
name = "abc257c"
version = "0.1.0"
dependencies = [
 "cli_test_dir",
 "proconio",
]

[[package]]
name = "abc257d"
version = "0.1.0"
dependencies = [
 "cli_test_dir",
 "proconio",
]

[[package]]
name = "abc258a"
version = "0.1.0"
dependencies = [
 "cli_test_dir",
 "proconio",
]

[[package]]
name = "abc258b"
version = "0.1.0"
dependencies = [
 "cli_test_dir",
 "proconio",
]

[[package]]
name = "abc258c"
version = "0.1.0"
dependencies = [
 "cli_test_dir",
 "proconio",
]

[[package]]
name = "abc258d"
version = "0.1.0"
dependencies = [
 "cli_test_dir",
 "proconio",
]

[[package]]
name = "abc259a"
version = "0.1.0"
dependencies = [
 "cli_test_dir",
 "itertools",
 "num",
 "proconio",
]

[[package]]
name = "abc259b"
version = "0.1.0"
dependencies = [
 "cli_test_dir",
 "itertools",
 "num",
 "proconio",
]

[[package]]
name = "abc259c"
version = "0.1.0"
dependencies = [
 "cli_test_dir",
 "itertools",
 "num",
 "proconio",
]

[[package]]
name = "abc259d"
version = "0.1.0"
dependencies = [
 "cli_test_dir",
 "itertools",
 "num",
 "proconio",
]

[[package]]
name = "abc260a"
version = "0.1.0"
dependencies = [
 "cli_test_dir",
 "itertools",
 "num",
 "proconio",
]

[[package]]
name = "abc260b"
version = "0.1.0"
dependencies = [
 "cli_test_dir",
 "itertools",
 "num",
 "proconio",
]

[[package]]
name = "abc260c"
version = "0.1.0"
dependencies = [
 "cli_test_dir",
 "itertools",
 "num",
 "proconio",
]

[[package]]
name = "abc260d"
version = "0.1.0"
dependencies = [
 "cli_test_dir",
 "itertools",
 "num",
 "proconio",
]

[[package]]
name = "abc261a"
version = "0.1.0"
dependencies = [
 "cli_test_dir",
 "itertools",
 "num",
 "proconio",
]

[[package]]
name = "abc261b"
version = "0.1.0"
dependencies = [
 "cli_test_dir",
 "itertools",
 "num",
 "proconio",
]

[[package]]
name = "abc261c"
version = "0.1.0"
dependencies = [
 "cli_test_dir",
 "itertools",
 "num",
 "proconio",
]

[[package]]
name = "abc261d"
version = "0.1.0"
dependencies = [
 "cli_test_dir",
 "itertools",
 "num",
 "proconio",
]

[[package]]
name = "abc261e"
version = "0.1.0"
dependencies = [
 "cli_test_dir",
 "itertools",
 "num",
 "proconio",
]

[[package]]
name = "abc262a"
version = "0.1.0"
dependencies = [
 "cli_test_dir",
 "itertools",
 "num",
 "proconio",
]

[[package]]
name = "abc262b"
version = "0.1.0"
dependencies = [
 "cli_test_dir",
 "itertools",
 "num",
 "proconio",
]

[[package]]
name = "abc262c"
version = "0.1.0"
dependencies = [
 "cli_test_dir",
 "itertools",
 "num",
 "proconio",
]

[[package]]
name = "abc262d"
version = "0.1.0"
dependencies = [
 "cli_test_dir",
 "itertools",
 "num",
 "proconio",
]

[[package]]
name = "abc263a"
version = "0.1.0"
dependencies = [
 "cli_test_dir",
 "itertools",
 "num",
 "proconio",
]

[[package]]
name = "abc263b"
version = "0.1.0"
dependencies = [
 "cli_test_dir",
 "itertools",
 "num",
 "proconio",
]

[[package]]
name = "abc263c"
version = "0.1.0"
dependencies = [
 "cli_test_dir",
 "itertools",
 "num",
 "proconio",
]

[[package]]
name = "abc263d"
version = "0.1.0"
dependencies = [
 "cli_test_dir",
 "itertools",
 "num",
 "proconio",
]

[[package]]
name = "abc264a"
version = "0.1.0"
dependencies = [
 "cli_test_dir",
 "itertools",
 "num",
 "proconio",
]

[[package]]
name = "abc264b"
version = "0.1.0"
dependencies = [
 "cli_test_dir",
 "itertools",
 "num",
 "proconio",
]

[[package]]
name = "abc264c"
version = "0.1.0"
dependencies = [
 "cli_test_dir",
 "itertools",
 "num",
 "proconio",
]

[[package]]
name = "abc264d"
version = "0.1.0"
dependencies = [
 "cli_test_dir",
 "itertools",
 "num",
 "proconio",
]

[[package]]
name = "abc265a"
version = "0.1.0"
dependencies = [
 "cli_test_dir",
 "proconio",
]

[[package]]
name = "abc265b"
version = "0.1.0"
dependencies = [
 "cli_test_dir",
 "proconio",
]

[[package]]
name = "abc265c"
version = "0.1.0"
dependencies = [
 "cli_test_dir",
 "proconio",
]

[[package]]
name = "abc265d"
version = "0.1.0"
dependencies = [
 "cli_test_dir",
 "proconio",
]

[[package]]
name = "abc266a"
version = "0.1.0"
dependencies = [
 "cli_test_dir",
 "proconio",
]

[[package]]
name = "abc266b"
version = "0.1.0"
dependencies = [
 "cli_test_dir",
 "proconio",
]

[[package]]
name = "abc266c"
version = "0.1.0"
dependencies = [
 "cli_test_dir",
 "proconio",
]

[[package]]
name = "abc266d"
version = "0.1.0"
dependencies = [
 "cli_test_dir",
 "proconio",
]

[[package]]
name = "abc267a"
version = "0.1.0"
dependencies = [
 "cli_test_dir",
 "proconio",
]

[[package]]
name = "abc267b"
version = "0.1.0"
dependencies = [
 "cli_test_dir",
 "proconio",
]

[[package]]
name = "abc267c"
version = "0.1.0"
dependencies = [
 "cli_test_dir",
 "proconio",
]

[[package]]
name = "abc267d"
version = "0.1.0"
dependencies = [
 "cli_test_dir",
 "proconio",
]

[[package]]
name = "abc268a"
version = "0.1.0"
dependencies = [
 "cli_test_dir",
 "proconio",
]

[[package]]
name = "abc268b"
version = "0.1.0"
dependencies = [
 "cli_test_dir",
 "proconio",
]

[[package]]
name = "abc268c"
version = "0.1.0"
dependencies = [
 "cli_test_dir",
 "proconio",
]

[[package]]
name = "abc268d"
version = "0.1.0"
dependencies = [
 "cli_test_dir",
 "itertools",
 "proconio",
]

[[package]]
name = "abc269a"
version = "0.1.0"
dependencies = [
 "cli_test_dir",
 "itertools",
 "proconio",
]

[[package]]
name = "abc269b"
version = "0.1.0"
dependencies = [
 "cli_test_dir",
 "itertools",
 "proconio",
]

[[package]]
name = "abc269c"
version = "0.1.0"
dependencies = [
 "cli_test_dir",
 "itertools",
 "proconio",
]

[[package]]
name = "abc269d"
version = "0.1.0"
dependencies = [
 "cli_test_dir",
 "itertools",
 "proconio",
]

[[package]]
name = "abc270a"
version = "0.1.0"
dependencies = [
 "cli_test_dir",
 "itertools",
 "proconio",
]

[[package]]
name = "abc270b"
version = "0.1.0"
dependencies = [
 "cli_test_dir",
 "itertools",
 "proconio",
]

[[package]]
name = "abc270c"
version = "0.1.0"
dependencies = [
 "cli_test_dir",
 "itertools",
 "proconio",
]

[[package]]
name = "abc270d"
version = "0.1.0"
dependencies = [
 "cli_test_dir",
 "itertools",
 "proconio",
]

[[package]]
name = "abc271a"
version = "0.1.0"
dependencies = [
 "cli_test_dir",
 "itertools",
 "proconio",
]

[[package]]
name = "abc271b"
version = "0.1.0"
dependencies = [
 "cli_test_dir",
 "itertools",
 "proconio",
]

[[package]]
name = "abc271c"
version = "0.1.0"
dependencies = [
 "cli_test_dir",
 "itertools",
 "proconio",
]

[[package]]
name = "abc271d"
version = "0.1.0"
dependencies = [
 "cli_test_dir",
 "itertools",
 "proconio",
]

[[package]]
name = "abc272a"
version = "0.1.0"
dependencies = [
 "cli_test_dir",
 "itertools",
 "proconio",
]

[[package]]
name = "abc272b"
version = "0.1.0"
dependencies = [
 "cli_test_dir",
 "itertools",
 "proconio",
]

[[package]]
name = "abc272c"
version = "0.1.0"
dependencies = [
 "cli_test_dir",
 "itertools",
 "proconio",
]

[[package]]
name = "abc272d"
version = "0.1.0"
dependencies = [
 "cli_test_dir",
 "itertools",
 "proconio",
]

[[package]]
name = "abc273a"
version = "0.1.0"
dependencies = [
 "cli_test_dir",
 "itertools",
 "proconio",
]

[[package]]
name = "abc273b"
version = "0.1.0"
dependencies = [
 "cli_test_dir",
 "itertools",
 "proconio",
]

[[package]]
name = "abc273c"
version = "0.1.0"
dependencies = [
 "cli_test_dir",
 "itertools",
 "proconio",
]

[[package]]
name = "abc273d"
version = "0.1.0"
dependencies = [
 "cli_test_dir",
 "itertools",
 "proconio",
]

[[package]]
name = "abc274a"
version = "0.1.0"
dependencies = [
 "cli_test_dir",
 "itertools",
 "proconio",
]

[[package]]
name = "abc274b"
version = "0.1.0"
dependencies = [
 "cli_test_dir",
 "itertools",
 "proconio",
]

[[package]]
name = "abc274c"
version = "0.1.0"
dependencies = [
 "cli_test_dir",
 "itertools",
 "proconio",
]

[[package]]
name = "abc274d"
version = "0.1.0"
dependencies = [
 "cli_test_dir",
 "itertools",
 "proconio",
]

[[package]]
name = "abc275a"
version = "0.1.0"
dependencies = [
 "cli_test_dir",
 "itertools",
 "proconio",
]

[[package]]
name = "abc275b"
version = "0.1.0"
dependencies = [
 "cli_test_dir",
 "itertools",
 "proconio",
]

[[package]]
name = "abc275c"
version = "0.1.0"
dependencies = [
 "cli_test_dir",
 "itertools",
 "proconio",
]

[[package]]
name = "abc275d"
version = "0.1.0"
dependencies = [
 "cli_test_dir",
 "itertools",
 "proconio",
]

[[package]]
name = "abc276a"
version = "0.1.0"
dependencies = [
 "cli_test_dir",
 "itertools",
 "proconio",
]

[[package]]
name = "abc276b"
version = "0.1.0"
dependencies = [
 "cli_test_dir",
 "itertools",
 "proconio",
]

[[package]]
name = "abc276c"
version = "0.1.0"
dependencies = [
 "cli_test_dir",
 "itertools",
 "proconio",
]

[[package]]
name = "abc276d"
version = "0.1.0"
dependencies = [
 "cli_test_dir",
 "itertools",
 "num",
 "proconio",
]

[[package]]
name = "abc277a"
version = "0.1.0"
dependencies = [
 "cli_test_dir",
 "itertools",
 "proconio",
]

[[package]]
name = "abc277b"
version = "0.1.0"
dependencies = [
 "cli_test_dir",
 "itertools",
 "proconio",
]

[[package]]
name = "abc277c"
version = "0.1.0"
dependencies = [
 "cli_test_dir",
 "itertools",
 "proconio",
]

[[package]]
name = "abc277d"
version = "0.1.0"
dependencies = [
 "cli_test_dir",
 "itertools",
 "proconio",
]

[[package]]
name = "abc278a"
version = "0.1.0"
dependencies = [
 "cli_test_dir",
 "itertools",
 "proconio",
]

[[package]]
name = "autocfg"
version = "1.1.0"
source = "registry+https://github.com/rust-lang/crates.io-index"
checksum = "d468802bab17cbc0cc575e9b053f41e72aa36bfa6b7f55e3529ffa43161b97fa"

[[package]]
name = "cli_test_dir"
version = "0.1.7"
source = "registry+https://github.com/rust-lang/crates.io-index"
checksum = "2bc63338a59538d4f4b767dfb6082e4d26736aadb5100894b76039a04d6ad519"

[[package]]
name = "either"
version = "1.7.0"
source = "registry+https://github.com/rust-lang/crates.io-index"
checksum = "3f107b87b6afc2a64fd13cac55fe06d6c8859f12d4b14cbcdd2c67d0976781be"

[[package]]
name = "itertools"
version = "0.9.0"
source = "registry+https://github.com/rust-lang/crates.io-index"
checksum = "284f18f85651fe11e8a991b2adb42cb078325c996ed026d994719efcfca1d54b"
dependencies = [
 "either",
]

[[package]]
name = "lazy_static"
version = "1.4.0"
source = "registry+https://github.com/rust-lang/crates.io-index"
checksum = "e2abad23fbc42b3700f2f279844dc832adb2b2eb069b2df918f455c4e18cc646"

[[package]]
name = "num"
version = "0.2.1"
source = "registry+https://github.com/rust-lang/crates.io-index"
checksum = "b8536030f9fea7127f841b45bb6243b27255787fb4eb83958aa1ef9d2fdc0c36"
dependencies = [
 "num-bigint",
 "num-complex",
 "num-integer",
 "num-iter",
 "num-rational",
 "num-traits",
]

[[package]]
name = "num-bigint"
version = "0.2.6"
source = "registry+https://github.com/rust-lang/crates.io-index"
checksum = "090c7f9998ee0ff65aa5b723e4009f7b217707f1fb5ea551329cc4d6231fb304"
dependencies = [
 "autocfg",
 "num-integer",
 "num-traits",
]

[[package]]
name = "num-complex"
version = "0.2.4"
source = "registry+https://github.com/rust-lang/crates.io-index"
checksum = "b6b19411a9719e753aff12e5187b74d60d3dc449ec3f4dc21e3989c3f554bc95"
dependencies = [
 "autocfg",
 "num-traits",
]

[[package]]
name = "num-integer"
version = "0.1.45"
source = "registry+https://github.com/rust-lang/crates.io-index"
checksum = "225d3389fb3509a24c93f5c29eb6bde2586b98d9f016636dff58d7c6f7569cd9"
dependencies = [
 "autocfg",
 "num-traits",
]

[[package]]
name = "num-iter"
version = "0.1.43"
source = "registry+https://github.com/rust-lang/crates.io-index"
checksum = "7d03e6c028c5dc5cac6e2dec0efda81fc887605bb3d884578bb6d6bf7514e252"
dependencies = [
 "autocfg",
 "num-integer",
 "num-traits",
]

[[package]]
name = "num-rational"
version = "0.2.4"
source = "registry+https://github.com/rust-lang/crates.io-index"
checksum = "5c000134b5dbf44adc5cb772486d335293351644b801551abe8f75c84cfa4aef"
dependencies = [
 "autocfg",
 "num-bigint",
 "num-integer",
 "num-traits",
]

[[package]]
name = "num-traits"
version = "0.2.15"
source = "registry+https://github.com/rust-lang/crates.io-index"
checksum = "578ede34cf02f8924ab9447f50c28075b4d3e5b269972345e7e0372b38c6cdcd"
dependencies = [
 "autocfg",
]

[[package]]
name = "proc-macro2"
version = "0.4.30"
source = "registry+https://github.com/rust-lang/crates.io-index"
checksum = "cf3d2011ab5c909338f7887f4fc896d35932e29146c12c8d01da6b22a80ba759"
dependencies = [
 "unicode-xid",
]

[[package]]
name = "proconio"
version = "0.3.6"
source = "registry+https://github.com/rust-lang/crates.io-index"
checksum = "3bed4f95f88d84bb8efd51dbc080d463e6ca953f05dfade2e24daf19dd861ccd"
dependencies = [
 "lazy_static",
 "proconio-derive",
]

[[package]]
name = "proconio-derive"
version = "0.1.9"
source = "registry+https://github.com/rust-lang/crates.io-index"
checksum = "8096c9313b401ca5bf09f93235fdf4fe6dbedc4f64e3968d2688bf89433a6738"
dependencies = [
 "proc-macro2",
 "quote",
 "syn",
]

[[package]]
name = "quote"
version = "0.6.13"
source = "registry+https://github.com/rust-lang/crates.io-index"
checksum = "6ce23b6b870e8f94f81fb0a363d65d86675884b34a09043c81e5562f11c1f8e1"
dependencies = [
 "proc-macro2",
]

[[package]]
name = "syn"
version = "0.15.44"
source = "registry+https://github.com/rust-lang/crates.io-index"
checksum = "9ca4b3b69a77cbe1ffc9e198781b7acb0c7365a883670e8f1c1bc66fba79a5c5"
dependencies = [
 "proc-macro2",
 "quote",
 "unicode-xid",
]

[[package]]
name = "text_io"
version = "0.1.8"
source = "registry+https://github.com/rust-lang/crates.io-index"
checksum = "6cb170b4f47dc48835fbc56259c12d8963e542b05a24be2e3a1f5a6c320fd2d4"

[[package]]
name = "unicode-xid"
version = "0.1.0"
source = "registry+https://github.com/rust-lang/crates.io-index"
checksum = "fc72304796d0818e357ead4e000d19c9c174ab23dc11093ac919054d20a6a7fc"
